// !$*UTF8*$!
{
	archiveVersion = 1;
	classes = {
	};
	objectVersion = 55;
	objects = {

/* Begin PBXBuildFile section */
		843FA1D32C05497100337892 /* AppDelegate.swift in Sources */ = {isa = PBXBuildFile; fileRef = 843FA1D22C05497100337892 /* AppDelegate.swift */; };
		843FA1D52C05497100337892 /* SceneDelegate.swift in Sources */ = {isa = PBXBuildFile; fileRef = 843FA1D42C05497100337892 /* SceneDelegate.swift */; };
		843FA1D72C05497100337892 /* ViewController.swift in Sources */ = {isa = PBXBuildFile; fileRef = 843FA1D62C05497100337892 /* ViewController.swift */; };
		843FA1DA2C05497100337892 /* Main.storyboard in Resources */ = {isa = PBXBuildFile; fileRef = 843FA1D82C05497100337892 /* Main.storyboard */; };
		843FA1DC2C05497300337892 /* Assets.xcassets in Resources */ = {isa = PBXBuildFile; fileRef = 843FA1DB2C05497300337892 /* Assets.xcassets */; };
		843FA1DF2C05497300337892 /* LaunchScreen.storyboard in Resources */ = {isa = PBXBuildFile; fileRef = 843FA1DD2C05497300337892 /* LaunchScreen.storyboard */; };
		843FA1E82C0549F000337892 /* FirebaseAnalytics in Frameworks */ = {isa = PBXBuildFile; productRef = 843FA1E72C0549F000337892 /* FirebaseAnalytics */; };
		843FA1EA2C0549F000337892 /* FirebaseAnalyticsWithoutAdIdSupport in Frameworks */ = {isa = PBXBuildFile; productRef = 843FA1E92C0549F000337892 /* FirebaseAnalyticsWithoutAdIdSupport */; };
		843FA1EC2C0549F000337892 /* FirebaseAuth in Frameworks */ = {isa = PBXBuildFile; productRef = 843FA1EB2C0549F000337892 /* FirebaseAuth */; };
		843FA1EE2C0549F000337892 /* FirebaseDatabase in Frameworks */ = {isa = PBXBuildFile; productRef = 843FA1ED2C0549F000337892 /* FirebaseDatabase */; };
		843FA1F02C0549F000337892 /* FirebaseStorage in Frameworks */ = {isa = PBXBuildFile; productRef = 843FA1EF2C0549F000337892 /* FirebaseStorage */; };
		843FA1F42C054A2800337892 /* iniciarSesionViewController.swift in Sources */ = {isa = PBXBuildFile; fileRef = 843FA1F32C054A2800337892 /* iniciarSesionViewController.swift */; };
		843FA1F62C054AA900337892 /* GoogleService-Info.plist in Resources */ = {isa = PBXBuildFile; fileRef = 843FA1F52C054AA900337892 /* GoogleService-Info.plist */; };
		843FA1F82C05597600337892 /* SnapsViewController.swift in Sources */ = {isa = PBXBuildFile; fileRef = 843FA1F72C05597600337892 /* SnapsViewController.swift */; };
		84A626092C0657E300FC26C4 /* profile.png in Resources */ = {isa = PBXBuildFile; fileRef = 84A626082C0657E300FC26C4 /* profile.png */; };
		84A6260B2C065D5F00FC26C4 /* ImagenViewController.swift in Sources */ = {isa = PBXBuildFile; fileRef = 84A6260A2C065D5F00FC26C4 /* ImagenViewController.swift */; };
		84A6260D2C067FED00FC26C4 /* ElegirUsuarioViewController.swift in Sources */ = {isa = PBXBuildFile; fileRef = 84A6260C2C067FED00FC26C4 /* ElegirUsuarioViewController.swift */; };
		84A626112C068A5500FC26C4 /* Usuario.swift in Sources */ = {isa = PBXBuildFile; fileRef = 84A626102C068A5500FC26C4 /* Usuario.swift */; };
/* End PBXBuildFile section */

/* Begin PBXFileReference section */
		843FA1CF2C05497100337892 /* FloresSnapchat2.app */ = {isa = PBXFileReference; explicitFileType = wrapper.application; includeInIndex = 0; path = FloresSnapchat2.app; sourceTree = BUILT_PRODUCTS_DIR; };
		843FA1D22C05497100337892 /* AppDelegate.swift */ = {isa = PBXFileReference; lastKnownFileType = sourcecode.swift; path = AppDelegate.swift; sourceTree = "<group>"; };
		843FA1D42C05497100337892 /* SceneDelegate.swift */ = {isa = PBXFileReference; lastKnownFileType = sourcecode.swift; path = SceneDelegate.swift; sourceTree = "<group>"; };
		843FA1D62C05497100337892 /* ViewController.swift */ = {isa = PBXFileReference; lastKnownFileType = sourcecode.swift; path = ViewController.swift; sourceTree = "<group>"; };
		843FA1D92C05497100337892 /* Base */ = {isa = PBXFileReference; lastKnownFileType = file.storyboard; name = Base; path = Base.lproj/Main.storyboard; sourceTree = "<group>"; };
		843FA1DB2C05497300337892 /* Assets.xcassets */ = {isa = PBXFileReference; lastKnownFileType = folder.assetcatalog; path = Assets.xcassets; sourceTree = "<group>"; };
		843FA1DE2C05497300337892 /* Base */ = {isa = PBXFileReference; lastKnownFileType = file.storyboard; name = Base; path = Base.lproj/LaunchScreen.storyboard; sourceTree = "<group>"; };
		843FA1E02C05497300337892 /* Info.plist */ = {isa = PBXFileReference; lastKnownFileType = text.plist.xml; path = Info.plist; sourceTree = "<group>"; };
		843FA1F32C054A2800337892 /* iniciarSesionViewController.swift */ = {isa = PBXFileReference; fileEncoding = 4; lastKnownFileType = sourcecode.swift; path = iniciarSesionViewController.swift; sourceTree = "<group>"; };
		843FA1F52C054AA900337892 /* GoogleService-Info.plist */ = {isa = PBXFileReference; fileEncoding = 4; lastKnownFileType = text.plist.xml; path = "GoogleService-Info.plist"; sourceTree = "<group>"; };
		843FA1F72C05597600337892 /* SnapsViewController.swift */ = {isa = PBXFileReference; lastKnownFileType = sourcecode.swift; path = SnapsViewController.swift; sourceTree = "<group>"; };
		84A626082C0657E300FC26C4 /* profile.png */ = {isa = PBXFileReference; lastKnownFileType = image.png; path = profile.png; sourceTree = "<group>"; };
		84A6260A2C065D5F00FC26C4 /* ImagenViewController.swift */ = {isa = PBXFileReference; lastKnownFileType = sourcecode.swift; path = ImagenViewController.swift; sourceTree = "<group>"; };
		84A6260C2C067FED00FC26C4 /* ElegirUsuarioViewController.swift */ = {isa = PBXFileReference; lastKnownFileType = sourcecode.swift; path = ElegirUsuarioViewController.swift; sourceTree = "<group>"; };
		84A626102C068A5500FC26C4 /* Usuario.swift */ = {isa = PBXFileReference; lastKnownFileType = sourcecode.swift; path = Usuario.swift; sourceTree = "<group>"; };
/* End PBXFileReference section */

/* Begin PBXFrameworksBuildPhase section */
		843FA1CC2C05497100337892 /* Frameworks */ = {
			isa = PBXFrameworksBuildPhase;
			buildActionMask = 2147483647;
			files = (
				843FA1E82C0549F000337892 /* FirebaseAnalytics in Frameworks */,
				843FA1EC2C0549F000337892 /* FirebaseAuth in Frameworks */,
				843FA1EE2C0549F000337892 /* FirebaseDatabase in Frameworks */,
				843FA1F02C0549F000337892 /* FirebaseStorage in Frameworks */,
				843FA1EA2C0549F000337892 /* FirebaseAnalyticsWithoutAdIdSupport in Frameworks */,
			);
			runOnlyForDeploymentPostprocessing = 0;
		};
/* End PBXFrameworksBuildPhase section */

/* Begin PBXGroup section */
		843FA1C62C05497100337892 = {
			isa = PBXGroup;
			children = (
				843FA1D12C05497100337892 /* FloresSnapchat2 */,
				843FA1D02C05497100337892 /* Products */,
			);
			sourceTree = "<group>";
		};
		843FA1D02C05497100337892 /* Products */ = {
			isa = PBXGroup;
			children = (
				843FA1CF2C05497100337892 /* FloresSnapchat2.app */,
			);
			name = Products;
			sourceTree = "<group>";
		};
		843FA1D12C05497100337892 /* FloresSnapchat2 */ = {
			isa = PBXGroup;
			children = (
				84A6260F2C0689FE00FC26C4 /* Modelos */,
				84A6260E2C0689A200FC26C4 /* ViewControllers */,
				843FA1D22C05497100337892 /* AppDelegate.swift */,
				843FA1F52C054AA900337892 /* GoogleService-Info.plist */,
				843FA1D42C05497100337892 /* SceneDelegate.swift */,
				843FA1D62C05497100337892 /* ViewController.swift */,
				843FA1D82C05497100337892 /* Main.storyboard */,
				843FA1DB2C05497300337892 /* Assets.xcassets */,
				84A626082C0657E300FC26C4 /* profile.png */,
				843FA1DD2C05497300337892 /* LaunchScreen.storyboard */,
				843FA1E02C05497300337892 /* Info.plist */,
			);
			path = FloresSnapchat2;
			sourceTree = "<group>";
		};
		84A6260E2C0689A200FC26C4 /* ViewControllers */ = {
			isa = PBXGroup;
			children = (
				843FA1F72C05597600337892 /* SnapsViewController.swift */,
				84A6260C2C067FED00FC26C4 /* ElegirUsuarioViewController.swift */,
				84A6260A2C065D5F00FC26C4 /* ImagenViewController.swift */,
				843FA1F32C054A2800337892 /* iniciarSesionViewController.swift */,
			);
			path = ViewControllers;
			sourceTree = "<group>";
		};
		84A6260F2C0689FE00FC26C4 /* Modelos */ = {
			isa = PBXGroup;
			children = (
				84A626102C068A5500FC26C4 /* Usuario.swift */,
			);
			path = Modelos;
			sourceTree = "<group>";
		};
/* End PBXGroup section */

/* Begin PBXNativeTarget section */
		843FA1CE2C05497100337892 /* FloresSnapchat2 */ = {
			isa = PBXNativeTarget;
			buildConfigurationList = 843FA1E32C05497300337892 /* Build configuration list for PBXNativeTarget "FloresSnapchat2" */;
			buildPhases = (
				843FA1CB2C05497100337892 /* Sources */,
				843FA1CC2C05497100337892 /* Frameworks */,
				843FA1CD2C05497100337892 /* Resources */,
			);
			buildRules = (
			);
			dependencies = (
			);
			name = FloresSnapchat2;
			packageProductDependencies = (
				843FA1E72C0549F000337892 /* FirebaseAnalytics */,
				843FA1E92C0549F000337892 /* FirebaseAnalyticsWithoutAdIdSupport */,
				843FA1EB2C0549F000337892 /* FirebaseAuth */,
				843FA1ED2C0549F000337892 /* FirebaseDatabase */,
				843FA1EF2C0549F000337892 /* FirebaseStorage */,
			);
			productName = FloresSnapchat2;
			productReference = 843FA1CF2C05497100337892 /* FloresSnapchat2.app */;
			productType = "com.apple.product-type.application";
		};
/* End PBXNativeTarget section */

/* Begin PBXProject section */
		843FA1C72C05497100337892 /* Project object */ = {
			isa = PBXProject;
			attributes = {
				BuildIndependentTargetsInParallel = 1;
				LastSwiftUpdateCheck = 1340;
				LastUpgradeCheck = 1340;
				TargetAttributes = {
					843FA1CE2C05497100337892 = {
						CreatedOnToolsVersion = 13.4.1;
					};
				};
			};
			buildConfigurationList = 843FA1CA2C05497100337892 /* Build configuration list for PBXProject "FloresSnapchat2" */;
			compatibilityVersion = "Xcode 13.0";
			developmentRegion = en;
			hasScannedForEncodings = 0;
			knownRegions = (
				en,
				Base,
			);
			mainGroup = 843FA1C62C05497100337892;
			packageReferences = (
				843FA1E62C0549F000337892 /* XCRemoteSwiftPackageReference "firebase-ios-sdk" */,
			);
			productRefGroup = 843FA1D02C05497100337892 /* Products */;
			projectDirPath = "";
			projectRoot = "";
			targets = (
				843FA1CE2C05497100337892 /* FloresSnapchat2 */,
			);
		};
/* End PBXProject section */

/* Begin PBXResourcesBuildPhase section */
		843FA1CD2C05497100337892 /* Resources */ = {
			isa = PBXResourcesBuildPhase;
			buildActionMask = 2147483647;
			files = (
				843FA1DF2C05497300337892 /* LaunchScreen.storyboard in Resources */,
				843FA1F62C054AA900337892 /* GoogleService-Info.plist in Resources */,
				843FA1DC2C05497300337892 /* Assets.xcassets in Resources */,
				84A626092C0657E300FC26C4 /* profile.png in Resources */,
				843FA1DA2C05497100337892 /* Main.storyboard in Resources */,
			);
			runOnlyForDeploymentPostprocessing = 0;
		};
/* End PBXResourcesBuildPhase section */

/* Begin PBXSourcesBuildPhase section */
		843FA1CB2C05497100337892 /* Sources */ = {
			isa = PBXSourcesBuildPhase;
			buildActionMask = 2147483647;
			files = (
				84A626112C068A5500FC26C4 /* Usuario.swift in Sources */,
				84A6260D2C067FED00FC26C4 /* ElegirUsuarioViewController.swift in Sources */,
				843FA1F82C05597600337892 /* SnapsViewController.swift in Sources */,
				843FA1D72C05497100337892 /* ViewController.swift in Sources */,
				843FA1F42C054A2800337892 /* iniciarSesionViewController.swift in Sources */,
				84A6260B2C065D5F00FC26C4 /* ImagenViewController.swift in Sources */,
				843FA1D32C05497100337892 /* AppDelegate.swift in Sources */,
				843FA1D52C05497100337892 /* SceneDelegate.swift in Sources */,
			);
			runOnlyForDeploymentPostprocessing = 0;
		};
/* End PBXSourcesBuildPhase section */

/* Begin PBXVariantGroup section */
		843FA1D82C05497100337892 /* Main.storyboard */ = {
			isa = PBXVariantGroup;
			children = (
				843FA1D92C05497100337892 /* Base */,
			);
			name = Main.storyboard;
			sourceTree = "<group>";
		};
		843FA1DD2C05497300337892 /* LaunchScreen.storyboard */ = {
			isa = PBXVariantGroup;
			children = (
				843FA1DE2C05497300337892 /* Base */,
			);
			name = LaunchScreen.storyboard;
			sourceTree = "<group>";
		};
/* End PBXVariantGroup section */

/* Begin XCBuildConfiguration section */
		843FA1E12C05497300337892 /* Debug */ = {
			isa = XCBuildConfiguration;
			buildSettings = {
				ALWAYS_SEARCH_USER_PATHS = NO;
				CLANG_ANALYZER_NONNULL = YES;
				CLANG_ANALYZER_NUMBER_OBJECT_CONVERSION = YES_AGGRESSIVE;
				CLANG_CXX_LANGUAGE_STANDARD = "gnu++17";
				CLANG_ENABLE_MODULES = YES;
				CLANG_ENABLE_OBJC_ARC = YES;
				CLANG_ENABLE_OBJC_WEAK = YES;
				CLANG_WARN_BLOCK_CAPTURE_AUTORELEASING = YES;
				CLANG_WARN_BOOL_CONVERSION = YES;
				CLANG_WARN_COMMA = YES;
				CLANG_WARN_CONSTANT_CONVERSION = YES;
				CLANG_WARN_DEPRECATED_OBJC_IMPLEMENTATIONS = YES;
				CLANG_WARN_DIRECT_OBJC_ISA_USAGE = YES_ERROR;
				CLANG_WARN_DOCUMENTATION_COMMENTS = YES;
				CLANG_WARN_EMPTY_BODY = YES;
				CLANG_WARN_ENUM_CONVERSION = YES;
				CLANG_WARN_INFINITE_RECURSION = YES;
				CLANG_WARN_INT_CONVERSION = YES;
				CLANG_WARN_NON_LITERAL_NULL_CONVERSION = YES;
				CLANG_WARN_OBJC_IMPLICIT_RETAIN_SELF = YES;
				CLANG_WARN_OBJC_LITERAL_CONVERSION = YES;
				CLANG_WARN_OBJC_ROOT_CLASS = YES_ERROR;
				CLANG_WARN_QUOTED_INCLUDE_IN_FRAMEWORK_HEADER = YES;
				CLANG_WARN_RANGE_LOOP_ANALYSIS = YES;
				CLANG_WARN_STRICT_PROTOTYPES = YES;
				CLANG_WARN_SUSPICIOUS_MOVE = YES;
				CLANG_WARN_UNGUARDED_AVAILABILITY = YES_AGGRESSIVE;
				CLANG_WARN_UNREACHABLE_CODE = YES;
				CLANG_WARN__DUPLICATE_METHOD_MATCH = YES;
				COPY_PHASE_STRIP = NO;
				DEBUG_INFORMATION_FORMAT = dwarf;
				ENABLE_STRICT_OBJC_MSGSEND = YES;
				ENABLE_TESTABILITY = YES;
				GCC_C_LANGUAGE_STANDARD = gnu11;
				GCC_DYNAMIC_NO_PIC = NO;
				GCC_NO_COMMON_BLOCKS = YES;
				GCC_OPTIMIZATION_LEVEL = 0;
				GCC_PREPROCESSOR_DEFINITIONS = (
					"DEBUG=1",
					"$(inherited)",
				);
				GCC_WARN_64_TO_32_BIT_CONVERSION = YES;
				GCC_WARN_ABOUT_RETURN_TYPE = YES_ERROR;
				GCC_WARN_UNDECLARED_SELECTOR = YES;
				GCC_WARN_UNINITIALIZED_AUTOS = YES_AGGRESSIVE;
				GCC_WARN_UNUSED_FUNCTION = YES;
				GCC_WARN_UNUSED_VARIABLE = YES;
				IPHONEOS_DEPLOYMENT_TARGET = 15.5;
				MTL_ENABLE_DEBUG_INFO = INCLUDE_SOURCE;
				MTL_FAST_MATH = YES;
				ONLY_ACTIVE_ARCH = YES;
				SDKROOT = iphoneos;
				SWIFT_ACTIVE_COMPILATION_CONDITIONS = DEBUG;
				SWIFT_OPTIMIZATION_LEVEL = "-Onone";
			};
			name = Debug;
		};
		843FA1E22C05497300337892 /* Release */ = {
			isa = XCBuildConfiguration;
			buildSettings = {
				ALWAYS_SEARCH_USER_PATHS = NO;
				CLANG_ANALYZER_NONNULL = YES;
				CLANG_ANALYZER_NUMBER_OBJECT_CONVERSION = YES_AGGRESSIVE;
				CLANG_CXX_LANGUAGE_STANDARD = "gnu++17";
				CLANG_ENABLE_MODULES = YES;
				CLANG_ENABLE_OBJC_ARC = YES;
				CLANG_ENABLE_OBJC_WEAK = YES;
				CLANG_WARN_BLOCK_CAPTURE_AUTORELEASING = YES;
				CLANG_WARN_BOOL_CONVERSION = YES;
				CLANG_WARN_COMMA = YES;
				CLANG_WARN_CONSTANT_CONVERSION = YES;
				CLANG_WARN_DEPRECATED_OBJC_IMPLEMENTATIONS = YES;
				CLANG_WARN_DIRECT_OBJC_ISA_USAGE = YES_ERROR;
				CLANG_WARN_DOCUMENTATION_COMMENTS = YES;
				CLANG_WARN_EMPTY_BODY = YES;
				CLANG_WARN_ENUM_CONVERSION = YES;
				CLANG_WARN_INFINITE_RECURSION = YES;
				CLANG_WARN_INT_CONVERSION = YES;
				CLANG_WARN_NON_LITERAL_NULL_CONVERSION = YES;
				CLANG_WARN_OBJC_IMPLICIT_RETAIN_SELF = YES;
				CLANG_WARN_OBJC_LITERAL_CONVERSION = YES;
				CLANG_WARN_OBJC_ROOT_CLASS = YES_ERROR;
				CLANG_WARN_QUOTED_INCLUDE_IN_FRAMEWORK_HEADER = YES;
				CLANG_WARN_RANGE_LOOP_ANALYSIS = YES;
				CLANG_WARN_STRICT_PROTOTYPES = YES;
				CLANG_WARN_SUSPICIOUS_MOVE = YES;
				CLANG_WARN_UNGUARDED_AVAILABILITY = YES_AGGRESSIVE;
				CLANG_WARN_UNREACHABLE_CODE = YES;
				CLANG_WARN__DUPLICATE_METHOD_MATCH = YES;
				COPY_PHASE_STRIP = NO;
				DEBUG_INFORMATION_FORMAT = "dwarf-with-dsym";
				ENABLE_NS_ASSERTIONS = NO;
				ENABLE_STRICT_OBJC_MSGSEND = YES;
				GCC_C_LANGUAGE_STANDARD = gnu11;
				GCC_NO_COMMON_BLOCKS = YES;
				GCC_WARN_64_TO_32_BIT_CONVERSION = YES;
				GCC_WARN_ABOUT_RETURN_TYPE = YES_ERROR;
				GCC_WARN_UNDECLARED_SELECTOR = YES;
				GCC_WARN_UNINITIALIZED_AUTOS = YES_AGGRESSIVE;
				GCC_WARN_UNUSED_FUNCTION = YES;
				GCC_WARN_UNUSED_VARIABLE = YES;
				IPHONEOS_DEPLOYMENT_TARGET = 15.5;
				MTL_ENABLE_DEBUG_INFO = NO;
				MTL_FAST_MATH = YES;
				SDKROOT = iphoneos;
				SWIFT_COMPILATION_MODE = wholemodule;
				SWIFT_OPTIMIZATION_LEVEL = "-O";
				VALIDATE_PRODUCT = YES;
			};
			name = Release;
		};
		843FA1E42C05497300337892 /* Debug */ = {
			isa = XCBuildConfiguration;
			buildSettings = {
				ASSETCATALOG_COMPILER_APPICON_NAME = AppIcon;
				ASSETCATALOG_COMPILER_GLOBAL_ACCENT_COLOR_NAME = AccentColor;
				CODE_SIGN_STYLE = Automatic;
				CURRENT_PROJECT_VERSION = 1;
				GENERATE_INFOPLIST_FILE = YES;
				INFOPLIST_FILE = FloresSnapchat2/Info.plist;
				INFOPLIST_KEY_UIApplicationSupportsIndirectInputEvents = YES;
				INFOPLIST_KEY_UILaunchStoryboardName = LaunchScreen;
				INFOPLIST_KEY_UIMainStoryboardFile = Main;
				INFOPLIST_KEY_UISupportedInterfaceOrientations_iPad = "UIInterfaceOrientationPortrait UIInterfaceOrientationPortraitUpsideDown UIInterfaceOrientationLandscapeLeft UIInterfaceOrientationLandscapeRight";
				INFOPLIST_KEY_UISupportedInterfaceOrientations_iPhone = "UIInterfaceOrientationPortrait UIInterfaceOrientationLandscapeLeft UIInterfaceOrientationLandscapeRight";
				LD_RUNPATH_SEARCH_PATHS = (
					"$(inherited)",
					"@executable_path/Frameworks",
				);
				MARKETING_VERSION = 1.0;
				PRODUCT_BUNDLE_IDENTIFIER = com.miempresa.FloresSnapchat;
				PRODUCT_NAME = "$(TARGET_NAME)";
				SWIFT_EMIT_LOC_STRINGS = YES;
				SWIFT_VERSION = 5.0;
				TARGETED_DEVICE_FAMILY = "1,2";
			};
			name = Debug;
		};
		843FA1E52C05497300337892 /* Release */ = {
			isa = XCBuildConfiguration;
			buildSettings = {
				ASSETCATALOG_COMPILER_APPICON_NAME = AppIcon;
				ASSETCATALOG_COMPILER_GLOBAL_ACCENT_COLOR_NAME = AccentColor;
				CODE_SIGN_STYLE = Automatic;
				CURRENT_PROJECT_VERSION = 1;
				GENERATE_INFOPLIST_FILE = YES;
				INFOPLIST_FILE = FloresSnapchat2/Info.plist;
				INFOPLIST_KEY_UIApplicationSupportsIndirectInputEvents = YES;
				INFOPLIST_KEY_UILaunchStoryboardName = LaunchScreen;
				INFOPLIST_KEY_UIMainStoryboardFile = Main;
				INFOPLIST_KEY_UISupportedInterfaceOrientations_iPad = "UIInterfaceOrientationPortrait UIInterfaceOrientationPortraitUpsideDown UIInterfaceOrientationLandscapeLeft UIInterfaceOrientationLandscapeRight";
				INFOPLIST_KEY_UISupportedInterfaceOrientations_iPhone = "UIInterfaceOrientationPortrait UIInterfaceOrientationLandscapeLeft UIInterfaceOrientationLandscapeRight";
				LD_RUNPATH_SEARCH_PATHS = (
					"$(inherited)",
					"@executable_path/Frameworks",
				);
				MARKETING_VERSION = 1.0;
				PRODUCT_BUNDLE_IDENTIFIER = com.miempresa.FloresSnapchat;
				PRODUCT_NAME = "$(TARGET_NAME)";
				SWIFT_EMIT_LOC_STRINGS = YES;
				SWIFT_VERSION = 5.0;
				TARGETED_DEVICE_FAMILY = "1,2";
			};
			name = Release;
		};
/* End XCBuildConfiguration section */

/* Begin XCConfigurationList section */
		843FA1CA2C05497100337892 /* Build configuration list for PBXProject "FloresSnapchat2" */ = {
			isa = XCConfigurationList;
			buildConfigurations = (
				843FA1E12C05497300337892 /* Debug */,
				843FA1E22C05497300337892 /* Release */,
			);
			defaultConfigurationIsVisible = 0;
			defaultConfigurationName = Release;
		};
		843FA1E32C05497300337892 /* Build configuration list for PBXNativeTarget "FloresSnapchat2" */ = {
			isa = XCConfigurationList;
			buildConfigurations = (
				843FA1E42C05497300337892 /* Debug */,
				843FA1E52C05497300337892 /* Release */,
			);
			defaultConfigurationIsVisible = 0;
			defaultConfigurationName = Release;
		};
/* End XCConfigurationList section */

/* Begin XCRemoteSwiftPackageReference section */
		843FA1E62C0549F000337892 /* XCRemoteSwiftPackageReference "firebase-ios-sdk" */ = {
			isa = XCRemoteSwiftPackageReference;
			repositoryURL = "https://github.com/firebase/firebase-ios-sdk";
			requirement = {
				kind = versionRange;
				maximumVersion = 10.0.0;
				minimumVersion = 9.0.0;
			};
		};
/* End XCRemoteSwiftPackageReference section */

/* Begin XCSwiftPackageProductDependency section */
		843FA1E72C0549F000337892 /* FirebaseAnalytics */ = {
			isa = XCSwiftPackageProductDependency;
			package = 843FA1E62C0549F000337892 /* XCRemoteSwiftPackageReference "firebase-ios-sdk" */;
			productName = FirebaseAnalytics;
		};
		843FA1E92C0549F000337892 /* FirebaseAnalyticsWithoutAdIdSupport */ = {
			isa = XCSwiftPackageProductDependency;
			package = 843FA1E62C0549F000337892 /* XCRemoteSwiftPackageReference "firebase-ios-sdk" */;
			productName = FirebaseAnalyticsWithoutAdIdSupport;
		};
		843FA1EB2C0549F000337892 /* FirebaseAuth */ = {
			isa = XCSwiftPackageProductDependency;
			package = 843FA1E62C0549F000337892 /* XCRemoteSwiftPackageReference "firebase-ios-sdk" */;
			productName = FirebaseAuth;
		};
		843FA1ED2C0549F000337892 /* FirebaseDatabase */ = {
			isa = XCSwiftPackageProductDependency;
			package = 843FA1E62C0549F000337892 /* XCRemoteSwiftPackageReference "firebase-ios-sdk" */;
			productName = FirebaseDatabase;
		};
		843FA1EF2C0549F000337892 /* FirebaseStorage */ = {
			isa = XCSwiftPackageProductDependency;
			package = 843FA1E62C0549F000337892 /* XCRemoteSwiftPackageReference "firebase-ios-sdk" */;
			productName = FirebaseStorage;
		};
/* End XCSwiftPackageProductDependency section */
	};
	rootObject = 843FA1C72C05497100337892 /* Project object */;
}
